
Microsoft Visual Studio Solution File, Format Version 10.00
# Visual Studio 2008
Project("{FAE04EC0-301F-11D3-BF4B-00C04F79EFBC}") = "炸弹人地图编辑器", "炸弹人地图编辑器\炸弹人地图编辑器.csproj", "{034F1291-2A84-40F6-8494-617E0662F5AA}"
EndProject
Global
	GlobalSection(SolutionConfigurationPlatforms) = preSolution
		Debug|Any CPU = Debug|Any CPU
		Release|Any CPU = Release|Any CPU
	EndGlobalSection
	GlobalSection(ProjectConfigurationPlatforms) = postSolution
		{034F1291-2A84-40F6-8494-617E0662F5AA}.Debug|Any CPU.ActiveCfg = Debug|Any CPU
		{034F1291-2A84-40F6-8494-617E0662F5AA}.Debug|Any CPU.Build.0 = Debug|Any CPU
		{034F1291-2A84-40F6-8494-617E0662F5AA}.Release|Any CPU.ActiveCfg = Release|Any CPU
		{034F1291-2A84-40F6-8494-617E0662F5AA}.Release|Any CPU.Build.0 = Release|Any CPU
	EndGlobalSection
	GlobalSection(SolutionProperties) = preSolution
		HideSolutionNode = FALSE
	EndGlobalSection
EndGlobal
