
Microsoft Visual Studio Solution File, Format Version 10.00
# Visual Studio 2008
Project("{FAE04EC0-301F-11D3-BF4B-00C04F79EFBC}") = "地图控件", "地图控件\地图控件.csproj", "{FDECFBE1-778C-43B0-8B9B-C69E447493D2}"
EndProject
Global
	GlobalSection(SolutionConfigurationPlatforms) = preSolution
		Debug|Any CPU = Debug|Any CPU
		Release|Any CPU = Release|Any CPU
	EndGlobalSection
	GlobalSection(ProjectConfigurationPlatforms) = postSolution
		{FDECFBE1-778C-43B0-8B9B-C69E447493D2}.Debug|Any CPU.ActiveCfg = Debug|Any CPU
		{FDECFBE1-778C-43B0-8B9B-C69E447493D2}.Debug|Any CPU.Build.0 = Debug|Any CPU
		{FDECFBE1-778C-43B0-8B9B-C69E447493D2}.Release|Any CPU.ActiveCfg = Release|Any CPU
		{FDECFBE1-778C-43B0-8B9B-C69E447493D2}.Release|Any CPU.Build.0 = Release|Any CPU
	EndGlobalSection
	GlobalSection(SolutionProperties) = preSolution
		HideSolutionNode = FALSE
	EndGlobalSection
EndGlobal
